
Microsoft Visual Studio Solution File, Format Version 12.00
# Visual Studio Version 17
VisualStudioVersion = 17.9.34902.65
MinimumVisualStudioVersion = 10.0.40219.1
Project("{FAE04EC0-301F-11D3-BF4B-00C04F79EFBC}") = "TesterShii", "TesterShii\TesterShii.csproj", "{D6DAD76B-A936-4C59-85B3-B5E6EC0A293B}"
EndProject
Global
	GlobalSection(SolutionConfigurationPlatforms) = preSolution
		Debug|Any CPU = Debug|Any CPU
		Release|Any CPU = Release|Any CPU
	EndGlobalSection
	GlobalSection(ProjectConfigurationPlatforms) = postSolution
		{D6DAD76B-A936-4C59-85B3-B5E6EC0A293B}.Debug|Any CPU.ActiveCfg = Debug|Any CPU
		{D6DAD76B-A936-4C59-85B3-B5E6EC0A293B}.Debug|Any CPU.Build.0 = Debug|Any CPU
		{D6DAD76B-A936-4C59-85B3-B5E6EC0A293B}.Release|Any CPU.ActiveCfg = Release|Any CPU
		{D6DAD76B-A936-4C59-85B3-B5E6EC0A293B}.Release|Any CPU.Build.0 = Release|Any CPU
	EndGlobalSection
	GlobalSection(SolutionProperties) = preSolution
		HideSolutionNode = FALSE
	EndGlobalSection
	GlobalSection(ExtensibilityGlobals) = postSolution
		SolutionGuid = {1A487217-BC63-45C8-845C-DA56C0005C13}
	EndGlobalSection
EndGlobal
